
Microsoft Visual Studio Solution File, Format Version 12.00
# Visual Studio Version 17
VisualStudioVersion = 17.11.35219.272
MinimumVisualStudioVersion = 10.0.40219.1
Project("{FAE04EC0-301F-11D3-BF4B-00C04F79EFBC}") = "AuthorWithLogin", "AuthorWithLogin\AuthorWithLogin.csproj", "{C6E46099-8250-4C86-8412-058191244D8C}"
EndProject
Global
	GlobalSection(SolutionConfigurationPlatforms) = preSolution
		Debug|Any CPU = Debug|Any CPU
		Release|Any CPU = Release|Any CPU
	EndGlobalSection
	GlobalSection(ProjectConfigurationPlatforms) = postSolution
		{C6E46099-8250-4C86-8412-058191244D8C}.Debug|Any CPU.ActiveCfg = Debug|Any CPU
		{C6E46099-8250-4C86-8412-058191244D8C}.Debug|Any CPU.Build.0 = Debug|Any CPU
		{C6E46099-8250-4C86-8412-058191244D8C}.Release|Any CPU.ActiveCfg = Release|Any CPU
		{C6E46099-8250-4C86-8412-058191244D8C}.Release|Any CPU.Build.0 = Release|Any CPU
	EndGlobalSection
	GlobalSection(SolutionProperties) = preSolution
		HideSolutionNode = FALSE
	EndGlobalSection
	GlobalSection(ExtensibilityGlobals) = postSolution
		SolutionGuid = {8D58894F-B66F-40A9-9721-A7413AC49AC2}
	EndGlobalSection
EndGlobal
